github.com/google/go-cmp v0.7.0 h1:wk8382ETsv4JYUZwIsn6YpYiWiBsYLSJiTsyBybVuN8=
github.com/google/go-cmp v0.7.0/go.mod h1:pXiqmnSA92OHEEa9HXL2W4E7lf9JzCmGVUdgjX3N/iU=
github.com/moeryomenko/synx v0.14.0 h1:eTWeVpoOwPHutJO3/0y2QJQj6wd9UWl9V4DkaONm3Nc=
github.com/moeryomenko/synx v0.14.0/go.mod h1:vgt7IJp85+8T7X6M7p64yNUmBMi6Yb+HoK7LH4r+fPE=
golang.org/x/sync v0.17.0 h1:l60nONMj9l5drqw6jlhIELNv9I0A4OFgRsG9k2oT9Ug=
golang.org/x/sync v0.17.0/go.mod h1:9KTHXmSnoGruLpwFjVSX0lNNA75CykiMECbovNTZqGI=
